// !$*UTF8*$!
{
	archiveVersion = 1;
	classes = {
	};
	objectVersion = 46;
	objects = {

/* Begin PBXBuildFile section */
		4A9C3EC91945C61200B3EEFD /* Foundation.framework in Frameworks */ = {isa = PBXBuildFile; fileRef = 4A9C3EC81945C61200B3EEFD /* Foundation.framework */; };
		4A9C3ECB1945C61200B3EEFD /* CoreGraphics.framework in Frameworks */ = {isa = PBXBuildFile; fileRef = 4A9C3ECA1945C61200B3EEFD /* CoreGraphics.framework */; };
		4A9C3ECD1945C61200B3EEFD /* UIKit.framework in Frameworks */ = {isa = PBXBuildFile; fileRef = 4A9C3ECC1945C61200B3EEFD /* UIKit.framework */; };
		4A9C3ED31945C61200B3EEFD /* InfoPlist.strings in Resources */ = {isa = PBXBuildFile; fileRef = 4A9C3ED11945C61200B3EEFD /* InfoPlist.strings */; };
		4A9C3ED51945C61200B3EEFD /* main.m in Sources */ = {isa = PBXBuildFile; fileRef = 4A9C3ED41945C61200B3EEFD /* main.m */; };
		4A9C3ED91945C61200B3EEFD /* VLAppDelegate.m in Sources */ = {isa = PBXBuildFile; fileRef = 4A9C3ED81945C61200B3EEFD /* VLAppDelegate.m */; };
		4A9C3EDC1945C61200B3EEFD /* Main.storyboard in Resources */ = {isa = PBXBuildFile; fileRef = 4A9C3EDA1945C61200B3EEFD /* Main.storyboard */; };
		4A9C3EDF1945C61200B3EEFD /* VLMasterViewController.m in Sources */ = {isa = PBXBuildFile; fileRef = 4A9C3EDE1945C61200B3EEFD /* VLMasterViewController.m */; };
		4A9C3EE41945C61200B3EEFD /* Images.xcassets in Resources */ = {isa = PBXBuildFile; fileRef = 4A9C3EE31945C61200B3EEFD /* Images.xcassets */; };
		4A9C3EEB1945C61200B3EEFD /* XCTest.framework in Frameworks */ = {isa = PBXBuildFile; fileRef = 4A9C3EEA1945C61200B3EEFD /* XCTest.framework */; };
		4A9C3EEC1945C61200B3EEFD /* Foundation.framework in Frameworks */ = {isa = PBXBuildFile; fileRef = 4A9C3EC81945C61200B3EEFD /* Foundation.framework */; };
		4A9C3EED1945C61200B3EEFD /* UIKit.framework in Frameworks */ = {isa = PBXBuildFile; fileRef = 4A9C3ECC1945C61200B3EEFD /* UIKit.framework */; };
		4A9C3EF51945C61200B3EEFD /* InfoPlist.strings in Resources */ = {isa = PBXBuildFile; fileRef = 4A9C3EF31945C61200B3EEFD /* InfoPlist.strings */; };
		4A9C3EF71945C61200B3EEFD /* SampleTests.m in Sources */ = {isa = PBXBuildFile; fileRef = 4A9C3EF61945C61200B3EEFD /* SampleTests.m */; };
		4A9C3F1E1945F46100B3EEFD /* Pods.xcconfig in Resources */ = {isa = PBXBuildFile; fileRef = 4A9C3F1D1945F46100B3EEFD /* Pods.xcconfig */; };
		4A9C3F1F1945F46100B3EEFD /* Pods.xcconfig in Resources */ = {isa = PBXBuildFile; fileRef = 4A9C3F1D1945F46100B3EEFD /* Pods.xcconfig */; };
		4A9C3F221945FE2E00B3EEFD /* WaitOperation.m in Sources */ = {isa = PBXBuildFile; fileRef = 4A9C3F211945FE2E00B3EEFD /* WaitOperation.m */; };
		4A9C3F231945FE2E00B3EEFD /* WaitOperation.m in Sources */ = {isa = PBXBuildFile; fileRef = 4A9C3F211945FE2E00B3EEFD /* WaitOperation.m */; };
		4AAB43F31948362300BB3BE9 /* VLFetchDataViewController.m in Sources */ = {isa = PBXBuildFile; fileRef = 4AAB43F21948362300BB3BE9 /* VLFetchDataViewController.m */; };
		4AAB44011948430200BB3BE9 /* Report.m in Sources */ = {isa = PBXBuildFile; fileRef = 4AAB43F61948430200BB3BE9 /* Report.m */; };
		4AAB44021948430200BB3BE9 /* Reporter.m in Sources */ = {isa = PBXBuildFile; fileRef = 4AAB43F81948430200BB3BE9 /* Reporter.m */; };
		4AAB44031948430200BB3BE9 /* Chapter.m in Sources */ = {isa = PBXBuildFile; fileRef = 4AAB43FA1948430200BB3BE9 /* Chapter.m */; };
		4AAB44041948430200BB3BE9 /* UserGroup.m in Sources */ = {isa = PBXBuildFile; fileRef = 4AAB43FC1948430200BB3BE9 /* UserGroup.m */; };
		4AAB44051948430200BB3BE9 /* User.m in Sources */ = {isa = PBXBuildFile; fileRef = 4AAB43FE1948430200BB3BE9 /* User.m */; };
		4AAB44061948430200BB3BE9 /* Account.m in Sources */ = {isa = PBXBuildFile; fileRef = 4AAB44001948430200BB3BE9 /* Account.m */; };
		4AAB4408194846BD00BB3BE9 /* reports.json in Resources */ = {isa = PBXBuildFile; fileRef = 4AAB4407194846BD00BB3BE9 /* reports.json */; };
		4AAB440B194848B600BB3BE9 /* ReadFileOperation.m in Sources */ = {isa = PBXBuildFile; fileRef = 4AAB440A194848B600BB3BE9 /* ReadFileOperation.m */; };
		4AAB440E194ADDF600BB3BE9 /* libVLDataBinding.a in Frameworks */ = {isa = PBXBuildFile; fileRef = 4AAB440D194ADDF600BB3BE9 /* libVLDataBinding.a */; };
/* End PBXBuildFile section */

/* Begin PBXContainerItemProxy section */
		4A9C3EEE1945C61200B3EEFD /* PBXContainerItemProxy */ = {
			isa = PBXContainerItemProxy;
			containerPortal = 4A9C3EBD1945C61200B3EEFD /* Project object */;
			proxyType = 1;
			remoteGlobalIDString = 4A9C3EC41945C61200B3EEFD;
			remoteInfo = Sample;
		};
/* End PBXContainerItemProxy section */

/* Begin PBXFileReference section */
		4A9C3EC51945C61200B3EEFD /* Sample.app */ = {isa = PBXFileReference; explicitFileType = wrapper.application; includeInIndex = 0; path = Sample.app; sourceTree = BUILT_PRODUCTS_DIR; };
		4A9C3EC81945C61200B3EEFD /* Foundation.framework */ = {isa = PBXFileReference; lastKnownFileType = wrapper.framework; name = Foundation.framework; path = System/Library/Frameworks/Foundation.framework; sourceTree = SDKROOT; };
		4A9C3ECA1945C61200B3EEFD /* CoreGraphics.framework */ = {isa = PBXFileReference; lastKnownFileType = wrapper.framework; name = CoreGraphics.framework; path = System/Library/Frameworks/CoreGraphics.framework; sourceTree = SDKROOT; };
		4A9C3ECC1945C61200B3EEFD /* UIKit.framework */ = {isa = PBXFileReference; lastKnownFileType = wrapper.framework; name = UIKit.framework; path = System/Library/Frameworks/UIKit.framework; sourceTree = SDKROOT; };
		4A9C3ED01945C61200B3EEFD /* Sample-Info.plist */ = {isa = PBXFileReference; lastKnownFileType = text.plist.xml; path = "Sample-Info.plist"; sourceTree = "<group>"; };
		4A9C3ED21945C61200B3EEFD /* en */ = {isa = PBXFileReference; lastKnownFileType = text.plist.strings; name = en; path = en.lproj/InfoPlist.strings; sourceTree = "<group>"; };
		4A9C3ED41945C61200B3EEFD /* main.m */ = {isa = PBXFileReference; lastKnownFileType = sourcecode.c.objc; path = main.m; sourceTree = "<group>"; };
		4A9C3ED61945C61200B3EEFD /* Sample-Prefix.pch */ = {isa = PBXFileReference; lastKnownFileType = sourcecode.c.h; path = "Sample-Prefix.pch"; sourceTree = "<group>"; };
		4A9C3ED71945C61200B3EEFD /* VLAppDelegate.h */ = {isa = PBXFileReference; lastKnownFileType = sourcecode.c.h; path = VLAppDelegate.h; sourceTree = "<group>"; };
		4A9C3ED81945C61200B3EEFD /* VLAppDelegate.m */ = {isa = PBXFileReference; lastKnownFileType = sourcecode.c.objc; path = VLAppDelegate.m; sourceTree = "<group>"; };
		4A9C3EDB1945C61200B3EEFD /* Base */ = {isa = PBXFileReference; lastKnownFileType = file.storyboard; name = Base; path = Base.lproj/Main.storyboard; sourceTree = "<group>"; };
		4A9C3EDD1945C61200B3EEFD /* VLMasterViewController.h */ = {isa = PBXFileReference; lastKnownFileType = sourcecode.c.h; path = VLMasterViewController.h; sourceTree = "<group>"; };
		4A9C3EDE1945C61200B3EEFD /* VLMasterViewController.m */ = {isa = PBXFileReference; lastKnownFileType = sourcecode.c.objc; path = VLMasterViewController.m; sourceTree = "<group>"; };
		4A9C3EE31945C61200B3EEFD /* Images.xcassets */ = {isa = PBXFileReference; lastKnownFileType = folder.assetcatalog; path = Images.xcassets; sourceTree = "<group>"; };
		4A9C3EE91945C61200B3EEFD /* SampleTests.xctest */ = {isa = PBXFileReference; explicitFileType = wrapper.cfbundle; includeInIndex = 0; path = SampleTests.xctest; sourceTree = BUILT_PRODUCTS_DIR; };
		4A9C3EEA1945C61200B3EEFD /* XCTest.framework */ = {isa = PBXFileReference; lastKnownFileType = wrapper.framework; name = XCTest.framework; path = Library/Frameworks/XCTest.framework; sourceTree = DEVELOPER_DIR; };
		4A9C3EF21945C61200B3EEFD /* SampleTests-Info.plist */ = {isa = PBXFileReference; lastKnownFileType = text.plist.xml; path = "SampleTests-Info.plist"; sourceTree = "<group>"; };
		4A9C3EF41945C61200B3EEFD /* en */ = {isa = PBXFileReference; lastKnownFileType = text.plist.strings; name = en; path = en.lproj/InfoPlist.strings; sourceTree = "<group>"; };
		4A9C3EF61945C61200B3EEFD /* SampleTests.m */ = {isa = PBXFileReference; lastKnownFileType = sourcecode.c.objc; path = SampleTests.m; sourceTree = "<group>"; };
		4A9C3F001945C6FE00B3EEFD /* libVLBinding.a */ = {isa = PBXFileReference; lastKnownFileType = archive.ar; name = libVLBinding.a; path = "../build/Debug-iphoneos/libVLBinding.a"; sourceTree = "<group>"; };
		4A9C3F1D1945F46100B3EEFD /* Pods.xcconfig */ = {isa = PBXFileReference; fileEncoding = 4; lastKnownFileType = text.xcconfig; path = Pods.xcconfig; sourceTree = "<group>"; };
		4A9C3F201945FE2E00B3EEFD /* WaitOperation.h */ = {isa = PBXFileReference; fileEncoding = 4; lastKnownFileType = sourcecode.c.h; path = WaitOperation.h; sourceTree = "<group>"; };
		4A9C3F211945FE2E00B3EEFD /* WaitOperation.m */ = {isa = PBXFileReference; fileEncoding = 4; lastKnownFileType = sourcecode.c.objc; path = WaitOperation.m; sourceTree = "<group>"; };
		4AAB43F11948362300BB3BE9 /* VLFetchDataViewController.h */ = {isa = PBXFileReference; fileEncoding = 4; lastKnownFileType = sourcecode.c.h; path = VLFetchDataViewController.h; sourceTree = "<group>"; };
		4AAB43F21948362300BB3BE9 /* VLFetchDataViewController.m */ = {isa = PBXFileReference; fileEncoding = 4; lastKnownFileType = sourcecode.c.objc; path = VLFetchDataViewController.m; sourceTree = "<group>"; };
		4AAB43F51948430200BB3BE9 /* Report.h */ = {isa = PBXFileReference; fileEncoding = 4; lastKnownFileType = sourcecode.c.h; path = Report.h; sourceTree = "<group>"; };
		4AAB43F61948430200BB3BE9 /* Report.m */ = {isa = PBXFileReference; fileEncoding = 4; lastKnownFileType = sourcecode.c.objc; path = Report.m; sourceTree = "<group>"; };
		4AAB43F71948430200BB3BE9 /* Reporter.h */ = {isa = PBXFileReference; fileEncoding = 4; lastKnownFileType = sourcecode.c.h; path = Reporter.h; sourceTree = "<group>"; };
		4AAB43F81948430200BB3BE9 /* Reporter.m */ = {isa = PBXFileReference; fileEncoding = 4; lastKnownFileType = sourcecode.c.objc; path = Reporter.m; sourceTree = "<group>"; };
		4AAB43F91948430200BB3BE9 /* Chapter.h */ = {isa = PBXFileReference; fileEncoding = 4; lastKnownFileType = sourcecode.c.h; path = Chapter.h; sourceTree = "<group>"; };
		4AAB43FA1948430200BB3BE9 /* Chapter.m */ = {isa = PBXFileReference; fileEncoding = 4; lastKnownFileType = sourcecode.c.objc; path = Chapter.m; sourceTree = "<group>"; };
		4AAB43FB1948430200BB3BE9 /* UserGroup.h */ = {isa = PBXFileReference; fileEncoding = 4; lastKnownFileType = sourcecode.c.h; path = UserGroup.h; sourceTree = "<group>"; };
		4AAB43FC1948430200BB3BE9 /* UserGroup.m */ = {isa = PBXFileReference; fileEncoding = 4; lastKnownFileType = sourcecode.c.objc; path = UserGroup.m; sourceTree = "<group>"; };
		4AAB43FD1948430200BB3BE9 /* User.h */ = {isa = PBXFileReference; fileEncoding = 4; lastKnownFileType = sourcecode.c.h; path = User.h; sourceTree = "<group>"; };
		4AAB43FE1948430200BB3BE9 /* User.m */ = {isa = PBXFileReference; fileEncoding = 4; lastKnownFileType = sourcecode.c.objc; path = User.m; sourceTree = "<group>"; };
		4AAB43FF1948430200BB3BE9 /* Account.h */ = {isa = PBXFileReference; fileEncoding = 4; lastKnownFileType = sourcecode.c.h; path = Account.h; sourceTree = "<group>"; };
		4AAB44001948430200BB3BE9 /* Account.m */ = {isa = PBXFileReference; fileEncoding = 4; lastKnownFileType = sourcecode.c.objc; path = Account.m; sourceTree = "<group>"; };
		4AAB4407194846BD00BB3BE9 /* reports.json */ = {isa = PBXFileReference; fileEncoding = 4; lastKnownFileType = text.json; path = reports.json; sourceTree = "<group>"; };
		4AAB4409194848B600BB3BE9 /* ReadFileOperation.h */ = {isa = PBXFileReference; fileEncoding = 4; lastKnownFileType = sourcecode.c.h; path = ReadFileOperation.h; sourceTree = "<group>"; };
		4AAB440A194848B600BB3BE9 /* ReadFileOperation.m */ = {isa = PBXFileReference; fileEncoding = 4; lastKnownFileType = sourcecode.c.objc; path = ReadFileOperation.m; sourceTree = "<group>"; };
		4AAB440D194ADDF600BB3BE9 /* libVLDataBinding.a */ = {isa = PBXFileReference; lastKnownFileType = archive.ar; name = libVLDataBinding.a; path = "../build/Debug-iphoneos/libVLDataBinding.a"; sourceTree = "<group>"; };
/* End PBXFileReference section */

/* Begin PBXFrameworksBuildPhase section */
		4A9C3EC21945C61200B3EEFD /* Frameworks */ = {
			isa = PBXFrameworksBuildPhase;
			buildActionMask = 2147483647;
			files = (
				4AAB440E194ADDF600BB3BE9 /* libVLDataBinding.a in Frameworks */,
				4A9C3ECB1945C61200B3EEFD /* CoreGraphics.framework in Frameworks */,
				4A9C3ECD1945C61200B3EEFD /* UIKit.framework in Frameworks */,
				4A9C3EC91945C61200B3EEFD /* Foundation.framework in Frameworks */,
			);
			runOnlyForDeploymentPostprocessing = 0;
		};
		4A9C3EE61945C61200B3EEFD /* Frameworks */ = {
			isa = PBXFrameworksBuildPhase;
			buildActionMask = 2147483647;
			files = (
				4A9C3EEB1945C61200B3EEFD /* XCTest.framework in Frameworks */,
				4A9C3EED1945C61200B3EEFD /* UIKit.framework in Frameworks */,
				4A9C3EEC1945C61200B3EEFD /* Foundation.framework in Frameworks */,
			);
			runOnlyForDeploymentPostprocessing = 0;
		};
/* End PBXFrameworksBuildPhase section */

/* Begin PBXGroup section */
		4A9C3EBC1945C61200B3EEFD = {
			isa = PBXGroup;
			children = (
				4AAB43F4194842E900BB3BE9 /* Models */,
				4A9C3F1D1945F46100B3EEFD /* Pods.xcconfig */,
				4A9C3ECE1945C61200B3EEFD /* Sample */,
				4A9C3EF01945C61200B3EEFD /* SampleTests */,
				4A9C3EC71945C61200B3EEFD /* Frameworks */,
				4A9C3EC61945C61200B3EEFD /* Products */,
			);
			sourceTree = "<group>";
		};
		4A9C3EC61945C61200B3EEFD /* Products */ = {
			isa = PBXGroup;
			children = (
				4A9C3EC51945C61200B3EEFD /* Sample.app */,
				4A9C3EE91945C61200B3EEFD /* SampleTests.xctest */,
			);
			name = Products;
			sourceTree = "<group>";
		};
		4A9C3EC71945C61200B3EEFD /* Frameworks */ = {
			isa = PBXGroup;
			children = (
				4AAB440D194ADDF600BB3BE9 /* libVLDataBinding.a */,
				4A9C3F001945C6FE00B3EEFD /* libVLBinding.a */,
				4A9C3EC81945C61200B3EEFD /* Foundation.framework */,
				4A9C3ECA1945C61200B3EEFD /* CoreGraphics.framework */,
				4A9C3ECC1945C61200B3EEFD /* UIKit.framework */,
				4A9C3EEA1945C61200B3EEFD /* XCTest.framework */,
			);
			name = Frameworks;
			sourceTree = "<group>";
		};
		4A9C3ECE1945C61200B3EEFD /* Sample */ = {
			isa = PBXGroup;
			children = (
				4AAB4407194846BD00BB3BE9 /* reports.json */,
				4A9C3F201945FE2E00B3EEFD /* WaitOperation.h */,
				4A9C3F211945FE2E00B3EEFD /* WaitOperation.m */,
				4A9C3ED71945C61200B3EEFD /* VLAppDelegate.h */,
				4A9C3ED81945C61200B3EEFD /* VLAppDelegate.m */,
				4A9C3EDA1945C61200B3EEFD /* Main.storyboard */,
				4A9C3EDD1945C61200B3EEFD /* VLMasterViewController.h */,
				4A9C3EDE1945C61200B3EEFD /* VLMasterViewController.m */,
				4A9C3EE31945C61200B3EEFD /* Images.xcassets */,
				4A9C3ECF1945C61200B3EEFD /* Supporting Files */,
				4AAB43F11948362300BB3BE9 /* VLFetchDataViewController.h */,
				4AAB43F21948362300BB3BE9 /* VLFetchDataViewController.m */,
				4AAB4409194848B600BB3BE9 /* ReadFileOperation.h */,
				4AAB440A194848B600BB3BE9 /* ReadFileOperation.m */,
			);
			path = Sample;
			sourceTree = "<group>";
		};
		4A9C3ECF1945C61200B3EEFD /* Supporting Files */ = {
			isa = PBXGroup;
			children = (
				4A9C3ED01945C61200B3EEFD /* Sample-Info.plist */,
				4A9C3ED11945C61200B3EEFD /* InfoPlist.strings */,
				4A9C3ED41945C61200B3EEFD /* main.m */,
				4A9C3ED61945C61200B3EEFD /* Sample-Prefix.pch */,
			);
			name = "Supporting Files";
			sourceTree = "<group>";
		};
		4A9C3EF01945C61200B3EEFD /* SampleTests */ = {
			isa = PBXGroup;
			children = (
				4A9C3EF61945C61200B3EEFD /* SampleTests.m */,
				4A9C3EF11945C61200B3EEFD /* Supporting Files */,
			);
			path = SampleTests;
			sourceTree = "<group>";
		};
		4A9C3EF11945C61200B3EEFD /* Supporting Files */ = {
			isa = PBXGroup;
			children = (
				4A9C3EF21945C61200B3EEFD /* SampleTests-Info.plist */,
				4A9C3EF31945C61200B3EEFD /* InfoPlist.strings */,
			);
			name = "Supporting Files";
			sourceTree = "<group>";
		};
		4AAB43F4194842E900BB3BE9 /* Models */ = {
			isa = PBXGroup;
			children = (
				4AAB43F51948430200BB3BE9 /* Report.h */,
				4AAB43F61948430200BB3BE9 /* Report.m */,
				4AAB43F71948430200BB3BE9 /* Reporter.h */,
				4AAB43F81948430200BB3BE9 /* Reporter.m */,
				4AAB43F91948430200BB3BE9 /* Chapter.h */,
				4AAB43FA1948430200BB3BE9 /* Chapter.m */,
				4AAB43FB1948430200BB3BE9 /* UserGroup.h */,
				4AAB43FC1948430200BB3BE9 /* UserGroup.m */,
				4AAB43FD1948430200BB3BE9 /* User.h */,
				4AAB43FE1948430200BB3BE9 /* User.m */,
				4AAB43FF1948430200BB3BE9 /* Account.h */,
				4AAB44001948430200BB3BE9 /* Account.m */,
			);
			name = Models;
			sourceTree = "<group>";
		};
/* End PBXGroup section */

/* Begin PBXNativeTarget section */
		4A9C3EC41945C61200B3EEFD /* Sample */ = {
			isa = PBXNativeTarget;
			buildConfigurationList = 4A9C3EFA1945C61200B3EEFD /* Build configuration list for PBXNativeTarget "Sample" */;
			buildPhases = (
				4A9C3EC11945C61200B3EEFD /* Sources */,
				4A9C3EC21945C61200B3EEFD /* Frameworks */,
				4A9C3EC31945C61200B3EEFD /* Resources */,
			);
			buildRules = (
			);
			dependencies = (
			);
			name = Sample;
			productName = Sample;
			productReference = 4A9C3EC51945C61200B3EEFD /* Sample.app */;
			productType = "com.apple.product-type.application";
		};
		4A9C3EE81945C61200B3EEFD /* SampleTests */ = {
			isa = PBXNativeTarget;
			buildConfigurationList = 4A9C3EFD1945C61200B3EEFD /* Build configuration list for PBXNativeTarget "SampleTests" */;
			buildPhases = (
				4A9C3EE51945C61200B3EEFD /* Sources */,
				4A9C3EE61945C61200B3EEFD /* Frameworks */,
				4A9C3EE71945C61200B3EEFD /* Resources */,
			);
			buildRules = (
			);
			dependencies = (
				4A9C3EEF1945C61200B3EEFD /* PBXTargetDependency */,
			);
			name = SampleTests;
			productName = SampleTests;
			productReference = 4A9C3EE91945C61200B3EEFD /* SampleTests.xctest */;
			productType = "com.apple.product-type.bundle.unit-test";
		};
/* End PBXNativeTarget section */

/* Begin PBXProject section */
		4A9C3EBD1945C61200B3EEFD /* Project object */ = {
			isa = PBXProject;
			attributes = {
				CLASSPREFIX = VL;
				LastUpgradeCheck = 0510;
				ORGANIZATIONNAME = Valensas;
				TargetAttributes = {
					4A9C3EE81945C61200B3EEFD = {
						TestTargetID = 4A9C3EC41945C61200B3EEFD;
					};
				};
			};
			buildConfigurationList = 4A9C3EC01945C61200B3EEFD /* Build configuration list for PBXProject "Sample" */;
			compatibilityVersion = "Xcode 3.2";
			developmentRegion = English;
			hasScannedForEncodings = 0;
			knownRegions = (
				en,
				Base,
			);
			mainGroup = 4A9C3EBC1945C61200B3EEFD;
			productRefGroup = 4A9C3EC61945C61200B3EEFD /* Products */;
			projectDirPath = "";
			projectRoot = "";
			targets = (
				4A9C3EC41945C61200B3EEFD /* Sample */,
				4A9C3EE81945C61200B3EEFD /* SampleTests */,
			);
		};
/* End PBXProject section */

/* Begin PBXResourcesBuildPhase section */
		4A9C3EC31945C61200B3EEFD /* Resources */ = {
			isa = PBXResourcesBuildPhase;
			buildActionMask = 2147483647;
			files = (
				4A9C3EE41945C61200B3EEFD /* Images.xcassets in Resources */,
				4A9C3ED31945C61200B3EEFD /* InfoPlist.strings in Resources */,
				4A9C3F1E1945F46100B3EEFD /* Pods.xcconfig in Resources */,
				4AAB4408194846BD00BB3BE9 /* reports.json in Resources */,
				4A9C3EDC1945C61200B3EEFD /* Main.storyboard in Resources */,
			);
			runOnlyForDeploymentPostprocessing = 0;
		};
		4A9C3EE71945C61200B3EEFD /* Resources */ = {
			isa = PBXResourcesBuildPhase;
			buildActionMask = 2147483647;
			files = (
				4A9C3F1F1945F46100B3EEFD /* Pods.xcconfig in Resources */,
				4A9C3EF51945C61200B3EEFD /* InfoPlist.strings in Resources */,
			);
			runOnlyForDeploymentPostprocessing = 0;
		};
/* End PBXResourcesBuildPhase section */

/* Begin PBXSourcesBuildPhase section */
		4A9C3EC11945C61200B3EEFD /* Sources */ = {
			isa = PBXSourcesBuildPhase;
			buildActionMask = 2147483647;
			files = (
				4AAB44021948430200BB3BE9 /* Reporter.m in Sources */,
				4A9C3ED91945C61200B3EEFD /* VLAppDelegate.m in Sources */,
				4AAB440B194848B600BB3BE9 /* ReadFileOperation.m in Sources */,
				4AAB44011948430200BB3BE9 /* Report.m in Sources */,
				4A9C3EDF1945C61200B3EEFD /* VLMasterViewController.m in Sources */,
				4AAB44041948430200BB3BE9 /* UserGroup.m in Sources */,
				4A9C3ED51945C61200B3EEFD /* main.m in Sources */,
				4AAB44051948430200BB3BE9 /* User.m in Sources */,
				4A9C3F221945FE2E00B3EEFD /* WaitOperation.m in Sources */,
				4AAB44061948430200BB3BE9 /* Account.m in Sources */,
				4AAB44031948430200BB3BE9 /* Chapter.m in Sources */,
				4AAB43F31948362300BB3BE9 /* VLFetchDataViewController.m in Sources */,
			);
			runOnlyForDeploymentPostprocessing = 0;
		};
		4A9C3EE51945C61200B3EEFD /* Sources */ = {
			isa = PBXSourcesBuildPhase;
			buildActionMask = 2147483647;
			files = (
				4A9C3F231945FE2E00B3EEFD /* WaitOperation.m in Sources */,
				4A9C3EF71945C61200B3EEFD /* SampleTests.m in Sources */,
			);
			runOnlyForDeploymentPostprocessing = 0;
		};
/* End PBXSourcesBuildPhase section */

/* Begin PBXTargetDependency section */
		4A9C3EEF1945C61200B3EEFD /* PBXTargetDependency */ = {
			isa = PBXTargetDependency;
			target = 4A9C3EC41945C61200B3EEFD /* Sample */;
			targetProxy = 4A9C3EEE1945C61200B3EEFD /* PBXContainerItemProxy */;
		};
/* End PBXTargetDependency section */

/* Begin PBXVariantGroup section */
		4A9C3ED11945C61200B3EEFD /* InfoPlist.strings */ = {
			isa = PBXVariantGroup;
			children = (
				4A9C3ED21945C61200B3EEFD /* en */,
			);
			name = InfoPlist.strings;
			sourceTree = "<group>";
		};
		4A9C3EDA1945C61200B3EEFD /* Main.storyboard */ = {
			isa = PBXVariantGroup;
			children = (
				4A9C3EDB1945C61200B3EEFD /* Base */,
			);
			name = Main.storyboard;
			sourceTree = "<group>";
		};
		4A9C3EF31945C61200B3EEFD /* InfoPlist.strings */ = {
			isa = PBXVariantGroup;
			children = (
				4A9C3EF41945C61200B3EEFD /* en */,
			);
			name = InfoPlist.strings;
			sourceTree = "<group>";
		};
/* End PBXVariantGroup section */

/* Begin XCBuildConfiguration section */
		4A9C3EF81945C61200B3EEFD /* Debug */ = {
			isa = XCBuildConfiguration;
			baseConfigurationReference = 4A9C3F1D1945F46100B3EEFD /* Pods.xcconfig */;
			buildSettings = {
				ALWAYS_SEARCH_USER_PATHS = NO;
				CLANG_CXX_LANGUAGE_STANDARD = "gnu++0x";
				CLANG_CXX_LIBRARY = "libc++";
				CLANG_ENABLE_MODULES = YES;
				CLANG_ENABLE_OBJC_ARC = YES;
				CLANG_WARN_BOOL_CONVERSION = YES;
				CLANG_WARN_CONSTANT_CONVERSION = YES;
				CLANG_WARN_DIRECT_OBJC_ISA_USAGE = YES_ERROR;
				CLANG_WARN_EMPTY_BODY = YES;
				CLANG_WARN_ENUM_CONVERSION = YES;
				CLANG_WARN_INT_CONVERSION = YES;
				CLANG_WARN_OBJC_ROOT_CLASS = YES_ERROR;
				CLANG_WARN__DUPLICATE_METHOD_MATCH = YES;
				"CODE_SIGN_IDENTITY[sdk=iphoneos*]" = "iPhone Developer";
				COPY_PHASE_STRIP = NO;
				GCC_C_LANGUAGE_STANDARD = gnu99;
				GCC_DYNAMIC_NO_PIC = NO;
				GCC_OPTIMIZATION_LEVEL = 0;
				GCC_PREPROCESSOR_DEFINITIONS = (
					"DEBUG=1",
					"$(inherited)",
				);
				GCC_SYMBOLS_PRIVATE_EXTERN = NO;
				GCC_WARN_64_TO_32_BIT_CONVERSION = YES;
				GCC_WARN_ABOUT_RETURN_TYPE = YES_ERROR;
				GCC_WARN_UNDECLARED_SELECTOR = YES;
				GCC_WARN_UNINITIALIZED_AUTOS = YES_AGGRESSIVE;
				GCC_WARN_UNUSED_FUNCTION = YES;
				GCC_WARN_UNUSED_VARIABLE = YES;
				IPHONEOS_DEPLOYMENT_TARGET = 7.1;
				ONLY_ACTIVE_ARCH = YES;
				SDKROOT = iphoneos;
			};
			name = Debug;
		};
		4A9C3EF91945C61200B3EEFD /* Release */ = {
			isa = XCBuildConfiguration;
			baseConfigurationReference = 4A9C3F1D1945F46100B3EEFD /* Pods.xcconfig */;
			buildSettings = {
				ALWAYS_SEARCH_USER_PATHS = NO;
				CLANG_CXX_LANGUAGE_STANDARD = "gnu++0x";
				CLANG_CXX_LIBRARY = "libc++";
				CLANG_ENABLE_MODULES = YES;
				CLANG_ENABLE_OBJC_ARC = YES;
				CLANG_WARN_BOOL_CONVERSION = YES;
				CLANG_WARN_CONSTANT_CONVERSION = YES;
				CLANG_WARN_DIRECT_OBJC_ISA_USAGE = YES_ERROR;
				CLANG_WARN_EMPTY_BODY = YES;
				CLANG_WARN_ENUM_CONVERSION = YES;
				CLANG_WARN_INT_CONVERSION = YES;
				CLANG_WARN_OBJC_ROOT_CLASS = YES_ERROR;
				CLANG_WARN__DUPLICATE_METHOD_MATCH = YES;
				"CODE_SIGN_IDENTITY[sdk=iphoneos*]" = "iPhone Developer";
				COPY_PHASE_STRIP = YES;
				ENABLE_NS_ASSERTIONS = NO;
				GCC_C_LANGUAGE_STANDARD = gnu99;
				GCC_WARN_64_TO_32_BIT_CONVERSION = YES;
				GCC_WARN_ABOUT_RETURN_TYPE = YES_ERROR;
				GCC_WARN_UNDECLARED_SELECTOR = YES;
				GCC_WARN_UNINITIALIZED_AUTOS = YES_AGGRESSIVE;
				GCC_WARN_UNUSED_FUNCTION = YES;
				GCC_WARN_UNUSED_VARIABLE = YES;
				IPHONEOS_DEPLOYMENT_TARGET = 7.1;
				SDKROOT = iphoneos;
				VALIDATE_PRODUCT = YES;
			};
			name = Release;
		};
		4A9C3EFB1945C61200B3EEFD /* Debug */ = {
			isa = XCBuildConfiguration;
			baseConfigurationReference = 4A9C3F1D1945F46100B3EEFD /* Pods.xcconfig */;
			buildSettings = {
				ASSETCATALOG_COMPILER_APPICON_NAME = AppIcon;
				ASSETCATALOG_COMPILER_LAUNCHIMAGE_NAME = LaunchImage;
				GCC_PRECOMPILE_PREFIX_HEADER = YES;
				GCC_PREFIX_HEADER = "Sample/Sample-Prefix.pch";
				INFOPLIST_FILE = "Sample/Sample-Info.plist";
				LIBRARY_SEARCH_PATHS = "$(inherited)";
				PRODUCT_NAME = "$(TARGET_NAME)";
				WRAPPER_EXTENSION = app;
			};
			name = Debug;
		};
		4A9C3EFC1945C61200B3EEFD /* Release */ = {
			isa = XCBuildConfiguration;
			baseConfigurationReference = 4A9C3F1D1945F46100B3EEFD /* Pods.xcconfig */;
			buildSettings = {
				ASSETCATALOG_COMPILER_APPICON_NAME = AppIcon;
				ASSETCATALOG_COMPILER_LAUNCHIMAGE_NAME = LaunchImage;
				GCC_PRECOMPILE_PREFIX_HEADER = YES;
				GCC_PREFIX_HEADER = "Sample/Sample-Prefix.pch";
				INFOPLIST_FILE = "Sample/Sample-Info.plist";
				LIBRARY_SEARCH_PATHS = "$(inherited)";
				PRODUCT_NAME = "$(TARGET_NAME)";
				WRAPPER_EXTENSION = app;
			};
			name = Release;
		};
		4A9C3EFE1945C61200B3EEFD /* Debug */ = {
			isa = XCBuildConfiguration;
			baseConfigurationReference = 4A9C3F1D1945F46100B3EEFD /* Pods.xcconfig */;
			buildSettings = {
				BUNDLE_LOADER = "$(BUILT_PRODUCTS_DIR)/Sample.app/Sample";
				FRAMEWORK_SEARCH_PATHS = (
					"$(SDKROOT)/Developer/Library/Frameworks",
					"$(inherited)",
					"$(DEVELOPER_FRAMEWORKS_DIR)",
				);
				GCC_PRECOMPILE_PREFIX_HEADER = YES;
				GCC_PREFIX_HEADER = "Sample/Sample-Prefix.pch";
				GCC_PREPROCESSOR_DEFINITIONS = (
					"DEBUG=1",
					"$(inherited)",
				);
				INFOPLIST_FILE = "SampleTests/SampleTests-Info.plist";
				PRODUCT_NAME = "$(TARGET_NAME)";
				TEST_HOST = "$(BUNDLE_LOADER)";
				WRAPPER_EXTENSION = xctest;
			};
			name = Debug;
		};
		4A9C3EFF1945C61200B3EEFD /* Release */ = {
			isa = XCBuildConfiguration;
			baseConfigurationReference = 4A9C3F1D1945F46100B3EEFD /* Pods.xcconfig */;
			buildSettings = {
				BUNDLE_LOADER = "$(BUILT_PRODUCTS_DIR)/Sample.app/Sample";
				FRAMEWORK_SEARCH_PATHS = (
					"$(SDKROOT)/Developer/Library/Frameworks",
					"$(inherited)",
					"$(DEVELOPER_FRAMEWORKS_DIR)",
				);
				GCC_PRECOMPILE_PREFIX_HEADER = YES;
				GCC_PREFIX_HEADER = "Sample/Sample-Prefix.pch";
				INFOPLIST_FILE = "SampleTests/SampleTests-Info.plist";
				PRODUCT_NAME = "$(TARGET_NAME)";
				TEST_HOST = "$(BUNDLE_LOADER)";
				WRAPPER_EXTENSION = xctest;
			};
			name = Release;
		};
/* End XCBuildConfiguration section */

/* Begin XCConfigurationList section */
		4A9C3EC01945C61200B3EEFD /* Build configuration list for PBXProject "Sample" */ = {
			isa = XCConfigurationList;
			buildConfigurations = (
				4A9C3EF81945C61200B3EEFD /* Debug */,
				4A9C3EF91945C61200B3EEFD /* Release */,
			);
			defaultConfigurationIsVisible = 0;
			defaultConfigurationName = Release;
		};
		4A9C3EFA1945C61200B3EEFD /* Build configuration list for PBXNativeTarget "Sample" */ = {
			isa = XCConfigurationList;
			buildConfigurations = (
				4A9C3EFB1945C61200B3EEFD /* Debug */,
				4A9C3EFC1945C61200B3EEFD /* Release */,
			);
			defaultConfigurationIsVisible = 0;
			defaultConfigurationName = Release;
		};
		4A9C3EFD1945C61200B3EEFD /* Build configuration list for PBXNativeTarget "SampleTests" */ = {
			isa = XCConfigurationList;
			buildConfigurations = (
				4A9C3EFE1945C61200B3EEFD /* Debug */,
				4A9C3EFF1945C61200B3EEFD /* Release */,
			);
			defaultConfigurationIsVisible = 0;
			defaultConfigurationName = Release;
		};
/* End XCConfigurationList section */
	};
	rootObject = 4A9C3EBD1945C61200B3EEFD /* Project object */;
}
